
Microsoft Visual Studio Solution File, Format Version 12.00
# Visual Studio Version 17
VisualStudioVersion = 17.0.31903.59
MinimumVisualStudioVersion = 10.0.40219.1
Project("{FAE04EC0-301F-11D3-BF4B-00C04F79EFBC}") = "TryNUnitTest", "TryNUnitTest\TryNUnitTest.csproj", "{F097DDC2-0AE5-49D1-9A37-F508DB5F8B8C}"
EndProject
Project("{FAE04EC0-301F-11D3-BF4B-00C04F79EFBC}") = "TryNUnitTest.Test", "TryNUnitTest.Test\TryNUnitTest.Test.csproj", "{FD9288AC-5E25-49A3-999A-1E5CBCD6F74D}"
EndProject
Project("{FAE04EC0-301F-11D3-BF4B-00C04F79EFBC}") = "CobaNUnit", "CobaNUnit\CobaNUnit.csproj", "{32A3EA04-941E-4935-80E7-94C1170DF9BD}"
EndProject
Project("{FAE04EC0-301F-11D3-BF4B-00C04F79EFBC}") = "CobaUUnit.Test", "CobaUUnit.Test\CobaUUnit.Test.csproj", "{A83AD89D-359A-414D-B05B-3C5E77256724}"
EndProject
Project("{FAE04EC0-301F-11D3-BF4B-00C04F79EFBC}") = "BedaNama", "BedaNama\BedaNama.csproj", "{CE51BCBE-5585-4C9E-B920-4D41BA130AC1}"
EndProject
Project("{FAE04EC0-301F-11D3-BF4B-00C04F79EFBC}") = "bedanamanih", "bedanamanih\bedanamanih.csproj", "{16820682-FF32-485A-936B-0AE81B51FBB2}"
EndProject
Project("{2150E333-8FDC-42A3-9474-1A3956D46DE8}") = "NUnit", "NUnit", "{23D68E1C-32A3-4148-A481-D8C327E4367F}"
EndProject
Project("{2150E333-8FDC-42A3-9474-1A3956D46DE8}") = "XUnit", "XUnit", "{0FEA4727-C180-449B-BAB5-47B7783486CD}"
EndProject
Project("{FAE04EC0-301F-11D3-BF4B-00C04F79EFBC}") = "TryXUnit", "TryXUnit\TryXUnit.csproj", "{9500F8B7-6240-42E9-8C01-6A111A713A59}"
EndProject
Project("{FAE04EC0-301F-11D3-BF4B-00C04F79EFBC}") = "TryUnit.Test", "TryUnit.Test\TryUnit.Test.csproj", "{A9F2B404-8ACF-4962-9178-2E78B974B1B2}"
EndProject
Project("{FAE04EC0-301F-11D3-BF4B-00C04F79EFBC}") = "BuatSendiri", "BuatSendiri\BuatSendiri.csproj", "{DC565267-C1C7-4A10-B370-7F964C00A55C}"
EndProject
Project("{FAE04EC0-301F-11D3-BF4B-00C04F79EFBC}") = "BuatSendiri.Test", "BuatSendiri.Test\BuatSendiri.Test.csproj", "{5E70B9A5-8420-4B8E-9452-4C0AA328D00F}"
EndProject
Project("{2150E333-8FDC-42A3-9474-1A3956D46DE8}") = "Mocking", "Mocking", "{8A3F482B-A085-4A1F-B88A-A89137FE50A2}"
EndProject
Project("{FAE04EC0-301F-11D3-BF4B-00C04F79EFBC}") = "GameController", "GameController\GameController.csproj", "{D4FB3DC8-0490-434E-9757-6BC7BDD28B87}"
EndProject
Project("{FAE04EC0-301F-11D3-BF4B-00C04F79EFBC}") = "GameNunit.Test", "GameNunit.Test\GameNunit.Test.csproj", "{FE83012F-47C3-4B51-BC54-D961B9551A30}"
EndProject
Project("{FAE04EC0-301F-11D3-BF4B-00C04F79EFBC}") = "GameXunit", "GameXunit\GameXunit.csproj", "{5CA7F590-FB7F-4E37-894A-C98221D0DEC4}"
EndProject
Global
	GlobalSection(SolutionConfigurationPlatforms) = preSolution
		Debug|Any CPU = Debug|Any CPU
		Release|Any CPU = Release|Any CPU
	EndGlobalSection
	GlobalSection(SolutionProperties) = preSolution
		HideSolutionNode = FALSE
	EndGlobalSection
	GlobalSection(ProjectConfigurationPlatforms) = postSolution
		{F097DDC2-0AE5-49D1-9A37-F508DB5F8B8C}.Debug|Any CPU.ActiveCfg = Debug|Any CPU
		{F097DDC2-0AE5-49D1-9A37-F508DB5F8B8C}.Debug|Any CPU.Build.0 = Debug|Any CPU
		{F097DDC2-0AE5-49D1-9A37-F508DB5F8B8C}.Release|Any CPU.ActiveCfg = Release|Any CPU
		{F097DDC2-0AE5-49D1-9A37-F508DB5F8B8C}.Release|Any CPU.Build.0 = Release|Any CPU
		{FD9288AC-5E25-49A3-999A-1E5CBCD6F74D}.Debug|Any CPU.ActiveCfg = Debug|Any CPU
		{FD9288AC-5E25-49A3-999A-1E5CBCD6F74D}.Debug|Any CPU.Build.0 = Debug|Any CPU
		{FD9288AC-5E25-49A3-999A-1E5CBCD6F74D}.Release|Any CPU.ActiveCfg = Release|Any CPU
		{FD9288AC-5E25-49A3-999A-1E5CBCD6F74D}.Release|Any CPU.Build.0 = Release|Any CPU
		{32A3EA04-941E-4935-80E7-94C1170DF9BD}.Debug|Any CPU.ActiveCfg = Debug|Any CPU
		{32A3EA04-941E-4935-80E7-94C1170DF9BD}.Debug|Any CPU.Build.0 = Debug|Any CPU
		{32A3EA04-941E-4935-80E7-94C1170DF9BD}.Release|Any CPU.ActiveCfg = Release|Any CPU
		{32A3EA04-941E-4935-80E7-94C1170DF9BD}.Release|Any CPU.Build.0 = Release|Any CPU
		{A83AD89D-359A-414D-B05B-3C5E77256724}.Debug|Any CPU.ActiveCfg = Debug|Any CPU
		{A83AD89D-359A-414D-B05B-3C5E77256724}.Debug|Any CPU.Build.0 = Debug|Any CPU
		{A83AD89D-359A-414D-B05B-3C5E77256724}.Release|Any CPU.ActiveCfg = Release|Any CPU
		{A83AD89D-359A-414D-B05B-3C5E77256724}.Release|Any CPU.Build.0 = Release|Any CPU
		{CE51BCBE-5585-4C9E-B920-4D41BA130AC1}.Debug|Any CPU.ActiveCfg = Debug|Any CPU
		{CE51BCBE-5585-4C9E-B920-4D41BA130AC1}.Debug|Any CPU.Build.0 = Debug|Any CPU
		{CE51BCBE-5585-4C9E-B920-4D41BA130AC1}.Release|Any CPU.ActiveCfg = Release|Any CPU
		{CE51BCBE-5585-4C9E-B920-4D41BA130AC1}.Release|Any CPU.Build.0 = Release|Any CPU
		{16820682-FF32-485A-936B-0AE81B51FBB2}.Debug|Any CPU.ActiveCfg = Debug|Any CPU
		{16820682-FF32-485A-936B-0AE81B51FBB2}.Debug|Any CPU.Build.0 = Debug|Any CPU
		{16820682-FF32-485A-936B-0AE81B51FBB2}.Release|Any CPU.ActiveCfg = Release|Any CPU
		{16820682-FF32-485A-936B-0AE81B51FBB2}.Release|Any CPU.Build.0 = Release|Any CPU
		{9500F8B7-6240-42E9-8C01-6A111A713A59}.Debug|Any CPU.ActiveCfg = Debug|Any CPU
		{9500F8B7-6240-42E9-8C01-6A111A713A59}.Debug|Any CPU.Build.0 = Debug|Any CPU
		{9500F8B7-6240-42E9-8C01-6A111A713A59}.Release|Any CPU.ActiveCfg = Release|Any CPU
		{9500F8B7-6240-42E9-8C01-6A111A713A59}.Release|Any CPU.Build.0 = Release|Any CPU
		{A9F2B404-8ACF-4962-9178-2E78B974B1B2}.Debug|Any CPU.ActiveCfg = Debug|Any CPU
		{A9F2B404-8ACF-4962-9178-2E78B974B1B2}.Debug|Any CPU.Build.0 = Debug|Any CPU
		{A9F2B404-8ACF-4962-9178-2E78B974B1B2}.Release|Any CPU.ActiveCfg = Release|Any CPU
		{A9F2B404-8ACF-4962-9178-2E78B974B1B2}.Release|Any CPU.Build.0 = Release|Any CPU
		{DC565267-C1C7-4A10-B370-7F964C00A55C}.Debug|Any CPU.ActiveCfg = Debug|Any CPU
		{DC565267-C1C7-4A10-B370-7F964C00A55C}.Debug|Any CPU.Build.0 = Debug|Any CPU
		{DC565267-C1C7-4A10-B370-7F964C00A55C}.Release|Any CPU.ActiveCfg = Release|Any CPU
		{DC565267-C1C7-4A10-B370-7F964C00A55C}.Release|Any CPU.Build.0 = Release|Any CPU
		{5E70B9A5-8420-4B8E-9452-4C0AA328D00F}.Debug|Any CPU.ActiveCfg = Debug|Any CPU
		{5E70B9A5-8420-4B8E-9452-4C0AA328D00F}.Debug|Any CPU.Build.0 = Debug|Any CPU
		{5E70B9A5-8420-4B8E-9452-4C0AA328D00F}.Release|Any CPU.ActiveCfg = Release|Any CPU
		{5E70B9A5-8420-4B8E-9452-4C0AA328D00F}.Release|Any CPU.Build.0 = Release|Any CPU
		{D4FB3DC8-0490-434E-9757-6BC7BDD28B87}.Debug|Any CPU.ActiveCfg = Debug|Any CPU
		{D4FB3DC8-0490-434E-9757-6BC7BDD28B87}.Debug|Any CPU.Build.0 = Debug|Any CPU
		{D4FB3DC8-0490-434E-9757-6BC7BDD28B87}.Release|Any CPU.ActiveCfg = Release|Any CPU
		{D4FB3DC8-0490-434E-9757-6BC7BDD28B87}.Release|Any CPU.Build.0 = Release|Any CPU
		{FE83012F-47C3-4B51-BC54-D961B9551A30}.Debug|Any CPU.ActiveCfg = Debug|Any CPU
		{FE83012F-47C3-4B51-BC54-D961B9551A30}.Debug|Any CPU.Build.0 = Debug|Any CPU
		{FE83012F-47C3-4B51-BC54-D961B9551A30}.Release|Any CPU.ActiveCfg = Release|Any CPU
		{FE83012F-47C3-4B51-BC54-D961B9551A30}.Release|Any CPU.Build.0 = Release|Any CPU
		{5CA7F590-FB7F-4E37-894A-C98221D0DEC4}.Debug|Any CPU.ActiveCfg = Debug|Any CPU
		{5CA7F590-FB7F-4E37-894A-C98221D0DEC4}.Debug|Any CPU.Build.0 = Debug|Any CPU
		{5CA7F590-FB7F-4E37-894A-C98221D0DEC4}.Release|Any CPU.ActiveCfg = Release|Any CPU
		{5CA7F590-FB7F-4E37-894A-C98221D0DEC4}.Release|Any CPU.Build.0 = Release|Any CPU
	EndGlobalSection
	GlobalSection(NestedProjects) = preSolution
		{FE83012F-47C3-4B51-BC54-D961B9551A30} = {8A3F482B-A085-4A1F-B88A-A89137FE50A2}
		{D4FB3DC8-0490-434E-9757-6BC7BDD28B87} = {8A3F482B-A085-4A1F-B88A-A89137FE50A2}
		{5E70B9A5-8420-4B8E-9452-4C0AA328D00F} = {23D68E1C-32A3-4148-A481-D8C327E4367F}
		{DC565267-C1C7-4A10-B370-7F964C00A55C} = {23D68E1C-32A3-4148-A481-D8C327E4367F}
		{A9F2B404-8ACF-4962-9178-2E78B974B1B2} = {0FEA4727-C180-449B-BAB5-47B7783486CD}
		{9500F8B7-6240-42E9-8C01-6A111A713A59} = {0FEA4727-C180-449B-BAB5-47B7783486CD}
		{FD9288AC-5E25-49A3-999A-1E5CBCD6F74D} = {23D68E1C-32A3-4148-A481-D8C327E4367F}
		{F097DDC2-0AE5-49D1-9A37-F508DB5F8B8C} = {23D68E1C-32A3-4148-A481-D8C327E4367F}
		{A83AD89D-359A-414D-B05B-3C5E77256724} = {23D68E1C-32A3-4148-A481-D8C327E4367F}
		{32A3EA04-941E-4935-80E7-94C1170DF9BD} = {23D68E1C-32A3-4148-A481-D8C327E4367F}
		{16820682-FF32-485A-936B-0AE81B51FBB2} = {23D68E1C-32A3-4148-A481-D8C327E4367F}
		{CE51BCBE-5585-4C9E-B920-4D41BA130AC1} = {23D68E1C-32A3-4148-A481-D8C327E4367F}
	EndGlobalSection
EndGlobal
