
Microsoft Visual Studio Solution File, Format Version 12.00
# Visual Studio Version 17
VisualStudioVersion = 17.0.31903.59
MinimumVisualStudioVersion = 10.0.40219.1
Project("{FAE04EC0-301F-11D3-BF4B-00C04F79EFBC}") = "ConditionalCompilationviaDefine", "ConditionalCompilationviaDefine\ConditionalCompilationviaDefine.csproj", "{33A6C99D-4E40-459C-8E72-5E8960C8B58B}"
EndProject
Project("{FAE04EC0-301F-11D3-BF4B-00C04F79EFBC}") = "ConditionalCompilationviaCsproj", "ConditionalCompilationviaCsproj\ConditionalCompilationviaCsproj.csproj", "{43807EBA-B07A-46C4-A44E-B8F110DFD9A8}"
EndProject
Global
	GlobalSection(SolutionConfigurationPlatforms) = preSolution
		Debug|Any CPU = Debug|Any CPU
		Release|Any CPU = Release|Any CPU
	EndGlobalSection
	GlobalSection(SolutionProperties) = preSolution
		HideSolutionNode = FALSE
	EndGlobalSection
	GlobalSection(ProjectConfigurationPlatforms) = postSolution
		{33A6C99D-4E40-459C-8E72-5E8960C8B58B}.Debug|Any CPU.ActiveCfg = Debug|Any CPU
		{33A6C99D-4E40-459C-8E72-5E8960C8B58B}.Debug|Any CPU.Build.0 = Debug|Any CPU
		{33A6C99D-4E40-459C-8E72-5E8960C8B58B}.Release|Any CPU.ActiveCfg = Release|Any CPU
		{33A6C99D-4E40-459C-8E72-5E8960C8B58B}.Release|Any CPU.Build.0 = Release|Any CPU
		{43807EBA-B07A-46C4-A44E-B8F110DFD9A8}.Debug|Any CPU.ActiveCfg = Debug|Any CPU
		{43807EBA-B07A-46C4-A44E-B8F110DFD9A8}.Debug|Any CPU.Build.0 = Debug|Any CPU
		{43807EBA-B07A-46C4-A44E-B8F110DFD9A8}.Release|Any CPU.ActiveCfg = Release|Any CPU
		{43807EBA-B07A-46C4-A44E-B8F110DFD9A8}.Release|Any CPU.Build.0 = Release|Any CPU
	EndGlobalSection
EndGlobal
