
Microsoft Visual Studio Solution File, Format Version 12.00
# Visual Studio Version 17
VisualStudioVersion = 17.0.31903.59
MinimumVisualStudioVersion = 10.0.40219.1
Project("{FAE04EC0-301F-11D3-BF4B-00C04F79EFBC}") = "Abstrack", "Abstrack\Abstrack.csproj", "{ACFD055E-F7CA-4668-9D8C-1427E9EE451E}"
EndProject
Project("{FAE04EC0-301F-11D3-BF4B-00C04F79EFBC}") = "Interface", "Interface\Interface.csproj", "{54A84931-6493-4E19-B3B3-1D5AE2396F79}"
EndProject
Project("{FAE04EC0-301F-11D3-BF4B-00C04F79EFBC}") = "GrabValueFromPareng", "GrabValueFromPareng\GrabValueFromPareng.csproj", "{9D36518F-D38E-4B89-8CB8-63A319FBD2FF}"
EndProject
Global
	GlobalSection(SolutionConfigurationPlatforms) = preSolution
		Debug|Any CPU = Debug|Any CPU
		Release|Any CPU = Release|Any CPU
	EndGlobalSection
	GlobalSection(SolutionProperties) = preSolution
		HideSolutionNode = FALSE
	EndGlobalSection
	GlobalSection(ProjectConfigurationPlatforms) = postSolution
		{ACFD055E-F7CA-4668-9D8C-1427E9EE451E}.Debug|Any CPU.ActiveCfg = Debug|Any CPU
		{ACFD055E-F7CA-4668-9D8C-1427E9EE451E}.Debug|Any CPU.Build.0 = Debug|Any CPU
		{ACFD055E-F7CA-4668-9D8C-1427E9EE451E}.Release|Any CPU.ActiveCfg = Release|Any CPU
		{ACFD055E-F7CA-4668-9D8C-1427E9EE451E}.Release|Any CPU.Build.0 = Release|Any CPU
		{54A84931-6493-4E19-B3B3-1D5AE2396F79}.Debug|Any CPU.ActiveCfg = Debug|Any CPU
		{54A84931-6493-4E19-B3B3-1D5AE2396F79}.Debug|Any CPU.Build.0 = Debug|Any CPU
		{54A84931-6493-4E19-B3B3-1D5AE2396F79}.Release|Any CPU.ActiveCfg = Release|Any CPU
		{54A84931-6493-4E19-B3B3-1D5AE2396F79}.Release|Any CPU.Build.0 = Release|Any CPU
		{9D36518F-D38E-4B89-8CB8-63A319FBD2FF}.Debug|Any CPU.ActiveCfg = Debug|Any CPU
		{9D36518F-D38E-4B89-8CB8-63A319FBD2FF}.Debug|Any CPU.Build.0 = Debug|Any CPU
		{9D36518F-D38E-4B89-8CB8-63A319FBD2FF}.Release|Any CPU.ActiveCfg = Release|Any CPU
		{9D36518F-D38E-4B89-8CB8-63A319FBD2FF}.Release|Any CPU.Build.0 = Release|Any CPU
	EndGlobalSection
EndGlobal
