
Microsoft Visual Studio Solution File, Format Version 12.00
# Visual Studio Version 17
VisualStudioVersion = 17.0.31903.59
MinimumVisualStudioVersion = 10.0.40219.1
Project("{FAE04EC0-301F-11D3-BF4B-00C04F79EFBC}") = "A_AfterSRP", "A_AfterSRP\A_AfterSRP.csproj", "{C50DC539-66EB-4FC1-8B52-7A3F3CBE1ACA}"
EndProject
Project("{FAE04EC0-301F-11D3-BF4B-00C04F79EFBC}") = "A_BeforeSRP", "A_BeforeSRP\A_BeforeSRP.csproj", "{F7A9F1FA-887A-4A37-BBA6-703C4298411A}"
EndProject
Project("{FAE04EC0-301F-11D3-BF4B-00C04F79EFBC}") = "B_AfterOCP", "B_AfterOCP\B_AfterOCP.csproj", "{35171B66-4E56-4D07-ACE1-5A8053EDBF77}"
EndProject
Project("{FAE04EC0-301F-11D3-BF4B-00C04F79EFBC}") = "B_BeforeOCP", "B_BeforeOCP\B_BeforeOCP.csproj", "{02BC147B-C529-4EBE-8094-FECE5F671B78}"
EndProject
Project("{FAE04EC0-301F-11D3-BF4B-00C04F79EFBC}") = "BeforeOPP", "BeforeOPP\BeforeOPP.csproj", "{42CC3E48-6568-4109-BB80-A35DF76998D7}"
EndProject
Project("{FAE04EC0-301F-11D3-BF4B-00C04F79EFBC}") = "C_AfterLSP", "C_AfterLSP\C_AfterLSP.csproj", "{73CFFE9B-080E-4D06-A04A-2F0AF9226293}"
EndProject
Project("{FAE04EC0-301F-11D3-BF4B-00C04F79EFBC}") = "C_BeforeLSP", "C_BeforeLSP\C_BeforeLSP.csproj", "{05187D73-EAFB-448D-904B-122B588749BE}"
EndProject
Project("{FAE04EC0-301F-11D3-BF4B-00C04F79EFBC}") = "D_AfterLSP", "D_AfterLSP\D_AfterLSP.csproj", "{3ED461FC-BCE7-4386-9D64-2E51093F901D}"
EndProject
Project("{FAE04EC0-301F-11D3-BF4B-00C04F79EFBC}") = "D_BeforeLSP", "D_BeforeLSP\D_BeforeLSP.csproj", "{8B83765C-5FD8-43E8-9617-9C4A53CB9EC7}"
EndProject
Project("{FAE04EC0-301F-11D3-BF4B-00C04F79EFBC}") = "E_AfterISP", "E_AfterISP\E_AfterISP.csproj", "{4381A3D9-5F42-4EEE-8280-5517EAE4E13A}"
EndProject
Project("{FAE04EC0-301F-11D3-BF4B-00C04F79EFBC}") = "E_BeforeISP", "E_BeforeISP\E_BeforeISP.csproj", "{E132426D-B01E-4E48-9577-BF7D5D97490C}"
EndProject
Project("{FAE04EC0-301F-11D3-BF4B-00C04F79EFBC}") = "ExtensionMethod", "ExtensionMethod\ExtensionMethod.csproj", "{9126AB65-56EA-48F3-9A86-D2AE9C026D95}"
EndProject
Project("{FAE04EC0-301F-11D3-BF4B-00C04F79EFBC}") = "F_AfterDIP", "F_AfterDIP\F_AfterDIP.csproj", "{5CFA025E-C9FC-43CD-933D-183D7845367F}"
EndProject
Project("{FAE04EC0-301F-11D3-BF4B-00C04F79EFBC}") = "F_BeforeDIP", "F_BeforeDIP\F_BeforeDIP.csproj", "{37D590FF-0222-4F7E-BE1D-11580657BB4F}"
EndProject
Project("{FAE04EC0-301F-11D3-BF4B-00C04F79EFBC}") = "G_AfterTDA", "G_AfterTDA\G_AfterTDA.csproj", "{AC9B5606-B8C2-48F2-A5B5-F7A69FBF2FB5}"
EndProject
Project("{FAE04EC0-301F-11D3-BF4B-00C04F79EFBC}") = "G_BeforeTDA", "G_BeforeTDA\G_BeforeTDA.csproj", "{E54B2111-1187-4A57-8C34-7F34C52F6FE0}"
EndProject
Project("{FAE04EC0-301F-11D3-BF4B-00C04F79EFBC}") = "H_AfterKISS", "H_AfterKISS\H_AfterKISS.csproj", "{17A6B712-919F-4E1D-8367-DC5BC18D4BF8}"
EndProject
Project("{FAE04EC0-301F-11D3-BF4B-00C04F79EFBC}") = "H_BeforeKISS", "H_BeforeKISS\H_BeforeKISS.csproj", "{7299EF7A-A523-46FF-B5AB-C0A9A9E1FC50}"
EndProject
Project("{FAE04EC0-301F-11D3-BF4B-00C04F79EFBC}") = "I_AfterKISS", "I_AfterKISS\I_AfterKISS.csproj", "{E91C7391-D159-4FFB-9A10-95A63946449F}"
EndProject
Project("{FAE04EC0-301F-11D3-BF4B-00C04F79EFBC}") = "I_BeforeKISS", "I_BeforeKISS\I_BeforeKISS.csproj", "{DD37AEB7-3715-4650-ADF7-8EA99289277F}"
EndProject
Global
	GlobalSection(SolutionProperties) = preSolution
		HideSolutionNode = FALSE
	EndGlobalSection
	GlobalSection(SolutionConfigurationPlatforms) = preSolution
		Debug|Any CPU = Debug|Any CPU
		Debug|x64 = Debug|x64
		Debug|x86 = Debug|x86
		Release|Any CPU = Release|Any CPU
		Release|x64 = Release|x64
		Release|x86 = Release|x86
	EndGlobalSection
	GlobalSection(ProjectConfigurationPlatforms) = postSolution
		{C50DC539-66EB-4FC1-8B52-7A3F3CBE1ACA}.Debug|Any CPU.ActiveCfg = Debug|Any CPU
		{C50DC539-66EB-4FC1-8B52-7A3F3CBE1ACA}.Debug|Any CPU.Build.0 = Debug|Any CPU
		{C50DC539-66EB-4FC1-8B52-7A3F3CBE1ACA}.Debug|x64.ActiveCfg = Debug|Any CPU
		{C50DC539-66EB-4FC1-8B52-7A3F3CBE1ACA}.Debug|x64.Build.0 = Debug|Any CPU
		{C50DC539-66EB-4FC1-8B52-7A3F3CBE1ACA}.Debug|x86.ActiveCfg = Debug|Any CPU
		{C50DC539-66EB-4FC1-8B52-7A3F3CBE1ACA}.Debug|x86.Build.0 = Debug|Any CPU
		{C50DC539-66EB-4FC1-8B52-7A3F3CBE1ACA}.Release|Any CPU.ActiveCfg = Release|Any CPU
		{C50DC539-66EB-4FC1-8B52-7A3F3CBE1ACA}.Release|Any CPU.Build.0 = Release|Any CPU
		{C50DC539-66EB-4FC1-8B52-7A3F3CBE1ACA}.Release|x64.ActiveCfg = Release|Any CPU
		{C50DC539-66EB-4FC1-8B52-7A3F3CBE1ACA}.Release|x64.Build.0 = Release|Any CPU
		{C50DC539-66EB-4FC1-8B52-7A3F3CBE1ACA}.Release|x86.ActiveCfg = Release|Any CPU
		{C50DC539-66EB-4FC1-8B52-7A3F3CBE1ACA}.Release|x86.Build.0 = Release|Any CPU
		{F7A9F1FA-887A-4A37-BBA6-703C4298411A}.Debug|Any CPU.ActiveCfg = Debug|Any CPU
		{F7A9F1FA-887A-4A37-BBA6-703C4298411A}.Debug|Any CPU.Build.0 = Debug|Any CPU
		{F7A9F1FA-887A-4A37-BBA6-703C4298411A}.Debug|x64.ActiveCfg = Debug|Any CPU
		{F7A9F1FA-887A-4A37-BBA6-703C4298411A}.Debug|x64.Build.0 = Debug|Any CPU
		{F7A9F1FA-887A-4A37-BBA6-703C4298411A}.Debug|x86.ActiveCfg = Debug|Any CPU
		{F7A9F1FA-887A-4A37-BBA6-703C4298411A}.Debug|x86.Build.0 = Debug|Any CPU
		{F7A9F1FA-887A-4A37-BBA6-703C4298411A}.Release|Any CPU.ActiveCfg = Release|Any CPU
		{F7A9F1FA-887A-4A37-BBA6-703C4298411A}.Release|Any CPU.Build.0 = Release|Any CPU
		{F7A9F1FA-887A-4A37-BBA6-703C4298411A}.Release|x64.ActiveCfg = Release|Any CPU
		{F7A9F1FA-887A-4A37-BBA6-703C4298411A}.Release|x64.Build.0 = Release|Any CPU
		{F7A9F1FA-887A-4A37-BBA6-703C4298411A}.Release|x86.ActiveCfg = Release|Any CPU
		{F7A9F1FA-887A-4A37-BBA6-703C4298411A}.Release|x86.Build.0 = Release|Any CPU
		{35171B66-4E56-4D07-ACE1-5A8053EDBF77}.Debug|Any CPU.ActiveCfg = Debug|Any CPU
		{35171B66-4E56-4D07-ACE1-5A8053EDBF77}.Debug|Any CPU.Build.0 = Debug|Any CPU
		{35171B66-4E56-4D07-ACE1-5A8053EDBF77}.Debug|x64.ActiveCfg = Debug|Any CPU
		{35171B66-4E56-4D07-ACE1-5A8053EDBF77}.Debug|x64.Build.0 = Debug|Any CPU
		{35171B66-4E56-4D07-ACE1-5A8053EDBF77}.Debug|x86.ActiveCfg = Debug|Any CPU
		{35171B66-4E56-4D07-ACE1-5A8053EDBF77}.Debug|x86.Build.0 = Debug|Any CPU
		{35171B66-4E56-4D07-ACE1-5A8053EDBF77}.Release|Any CPU.ActiveCfg = Release|Any CPU
		{35171B66-4E56-4D07-ACE1-5A8053EDBF77}.Release|Any CPU.Build.0 = Release|Any CPU
		{35171B66-4E56-4D07-ACE1-5A8053EDBF77}.Release|x64.ActiveCfg = Release|Any CPU
		{35171B66-4E56-4D07-ACE1-5A8053EDBF77}.Release|x64.Build.0 = Release|Any CPU
		{35171B66-4E56-4D07-ACE1-5A8053EDBF77}.Release|x86.ActiveCfg = Release|Any CPU
		{35171B66-4E56-4D07-ACE1-5A8053EDBF77}.Release|x86.Build.0 = Release|Any CPU
		{02BC147B-C529-4EBE-8094-FECE5F671B78}.Debug|Any CPU.ActiveCfg = Debug|Any CPU
		{02BC147B-C529-4EBE-8094-FECE5F671B78}.Debug|Any CPU.Build.0 = Debug|Any CPU
		{02BC147B-C529-4EBE-8094-FECE5F671B78}.Debug|x64.ActiveCfg = Debug|Any CPU
		{02BC147B-C529-4EBE-8094-FECE5F671B78}.Debug|x64.Build.0 = Debug|Any CPU
		{02BC147B-C529-4EBE-8094-FECE5F671B78}.Debug|x86.ActiveCfg = Debug|Any CPU
		{02BC147B-C529-4EBE-8094-FECE5F671B78}.Debug|x86.Build.0 = Debug|Any CPU
		{02BC147B-C529-4EBE-8094-FECE5F671B78}.Release|Any CPU.ActiveCfg = Release|Any CPU
		{02BC147B-C529-4EBE-8094-FECE5F671B78}.Release|Any CPU.Build.0 = Release|Any CPU
		{02BC147B-C529-4EBE-8094-FECE5F671B78}.Release|x64.ActiveCfg = Release|Any CPU
		{02BC147B-C529-4EBE-8094-FECE5F671B78}.Release|x64.Build.0 = Release|Any CPU
		{02BC147B-C529-4EBE-8094-FECE5F671B78}.Release|x86.ActiveCfg = Release|Any CPU
		{02BC147B-C529-4EBE-8094-FECE5F671B78}.Release|x86.Build.0 = Release|Any CPU
		{42CC3E48-6568-4109-BB80-A35DF76998D7}.Debug|Any CPU.ActiveCfg = Debug|Any CPU
		{42CC3E48-6568-4109-BB80-A35DF76998D7}.Debug|Any CPU.Build.0 = Debug|Any CPU
		{42CC3E48-6568-4109-BB80-A35DF76998D7}.Debug|x64.ActiveCfg = Debug|Any CPU
		{42CC3E48-6568-4109-BB80-A35DF76998D7}.Debug|x64.Build.0 = Debug|Any CPU
		{42CC3E48-6568-4109-BB80-A35DF76998D7}.Debug|x86.ActiveCfg = Debug|Any CPU
		{42CC3E48-6568-4109-BB80-A35DF76998D7}.Debug|x86.Build.0 = Debug|Any CPU
		{42CC3E48-6568-4109-BB80-A35DF76998D7}.Release|Any CPU.ActiveCfg = Release|Any CPU
		{42CC3E48-6568-4109-BB80-A35DF76998D7}.Release|Any CPU.Build.0 = Release|Any CPU
		{42CC3E48-6568-4109-BB80-A35DF76998D7}.Release|x64.ActiveCfg = Release|Any CPU
		{42CC3E48-6568-4109-BB80-A35DF76998D7}.Release|x64.Build.0 = Release|Any CPU
		{42CC3E48-6568-4109-BB80-A35DF76998D7}.Release|x86.ActiveCfg = Release|Any CPU
		{42CC3E48-6568-4109-BB80-A35DF76998D7}.Release|x86.Build.0 = Release|Any CPU
		{73CFFE9B-080E-4D06-A04A-2F0AF9226293}.Debug|Any CPU.ActiveCfg = Debug|Any CPU
		{73CFFE9B-080E-4D06-A04A-2F0AF9226293}.Debug|Any CPU.Build.0 = Debug|Any CPU
		{73CFFE9B-080E-4D06-A04A-2F0AF9226293}.Debug|x64.ActiveCfg = Debug|Any CPU
		{73CFFE9B-080E-4D06-A04A-2F0AF9226293}.Debug|x64.Build.0 = Debug|Any CPU
		{73CFFE9B-080E-4D06-A04A-2F0AF9226293}.Debug|x86.ActiveCfg = Debug|Any CPU
		{73CFFE9B-080E-4D06-A04A-2F0AF9226293}.Debug|x86.Build.0 = Debug|Any CPU
		{73CFFE9B-080E-4D06-A04A-2F0AF9226293}.Release|Any CPU.ActiveCfg = Release|Any CPU
		{73CFFE9B-080E-4D06-A04A-2F0AF9226293}.Release|Any CPU.Build.0 = Release|Any CPU
		{73CFFE9B-080E-4D06-A04A-2F0AF9226293}.Release|x64.ActiveCfg = Release|Any CPU
		{73CFFE9B-080E-4D06-A04A-2F0AF9226293}.Release|x64.Build.0 = Release|Any CPU
		{73CFFE9B-080E-4D06-A04A-2F0AF9226293}.Release|x86.ActiveCfg = Release|Any CPU
		{73CFFE9B-080E-4D06-A04A-2F0AF9226293}.Release|x86.Build.0 = Release|Any CPU
		{05187D73-EAFB-448D-904B-122B588749BE}.Debug|Any CPU.ActiveCfg = Debug|Any CPU
		{05187D73-EAFB-448D-904B-122B588749BE}.Debug|Any CPU.Build.0 = Debug|Any CPU
		{05187D73-EAFB-448D-904B-122B588749BE}.Debug|x64.ActiveCfg = Debug|Any CPU
		{05187D73-EAFB-448D-904B-122B588749BE}.Debug|x64.Build.0 = Debug|Any CPU
		{05187D73-EAFB-448D-904B-122B588749BE}.Debug|x86.ActiveCfg = Debug|Any CPU
		{05187D73-EAFB-448D-904B-122B588749BE}.Debug|x86.Build.0 = Debug|Any CPU
		{05187D73-EAFB-448D-904B-122B588749BE}.Release|Any CPU.ActiveCfg = Release|Any CPU
		{05187D73-EAFB-448D-904B-122B588749BE}.Release|Any CPU.Build.0 = Release|Any CPU
		{05187D73-EAFB-448D-904B-122B588749BE}.Release|x64.ActiveCfg = Release|Any CPU
		{05187D73-EAFB-448D-904B-122B588749BE}.Release|x64.Build.0 = Release|Any CPU
		{05187D73-EAFB-448D-904B-122B588749BE}.Release|x86.ActiveCfg = Release|Any CPU
		{05187D73-EAFB-448D-904B-122B588749BE}.Release|x86.Build.0 = Release|Any CPU
		{3ED461FC-BCE7-4386-9D64-2E51093F901D}.Debug|Any CPU.ActiveCfg = Debug|Any CPU
		{3ED461FC-BCE7-4386-9D64-2E51093F901D}.Debug|Any CPU.Build.0 = Debug|Any CPU
		{3ED461FC-BCE7-4386-9D64-2E51093F901D}.Debug|x64.ActiveCfg = Debug|Any CPU
		{3ED461FC-BCE7-4386-9D64-2E51093F901D}.Debug|x64.Build.0 = Debug|Any CPU
		{3ED461FC-BCE7-4386-9D64-2E51093F901D}.Debug|x86.ActiveCfg = Debug|Any CPU
		{3ED461FC-BCE7-4386-9D64-2E51093F901D}.Debug|x86.Build.0 = Debug|Any CPU
		{3ED461FC-BCE7-4386-9D64-2E51093F901D}.Release|Any CPU.ActiveCfg = Release|Any CPU
		{3ED461FC-BCE7-4386-9D64-2E51093F901D}.Release|Any CPU.Build.0 = Release|Any CPU
		{3ED461FC-BCE7-4386-9D64-2E51093F901D}.Release|x64.ActiveCfg = Release|Any CPU
		{3ED461FC-BCE7-4386-9D64-2E51093F901D}.Release|x64.Build.0 = Release|Any CPU
		{3ED461FC-BCE7-4386-9D64-2E51093F901D}.Release|x86.ActiveCfg = Release|Any CPU
		{3ED461FC-BCE7-4386-9D64-2E51093F901D}.Release|x86.Build.0 = Release|Any CPU
		{8B83765C-5FD8-43E8-9617-9C4A53CB9EC7}.Debug|Any CPU.ActiveCfg = Debug|Any CPU
		{8B83765C-5FD8-43E8-9617-9C4A53CB9EC7}.Debug|Any CPU.Build.0 = Debug|Any CPU
		{8B83765C-5FD8-43E8-9617-9C4A53CB9EC7}.Debug|x64.ActiveCfg = Debug|Any CPU
		{8B83765C-5FD8-43E8-9617-9C4A53CB9EC7}.Debug|x64.Build.0 = Debug|Any CPU
		{8B83765C-5FD8-43E8-9617-9C4A53CB9EC7}.Debug|x86.ActiveCfg = Debug|Any CPU
		{8B83765C-5FD8-43E8-9617-9C4A53CB9EC7}.Debug|x86.Build.0 = Debug|Any CPU
		{8B83765C-5FD8-43E8-9617-9C4A53CB9EC7}.Release|Any CPU.ActiveCfg = Release|Any CPU
		{8B83765C-5FD8-43E8-9617-9C4A53CB9EC7}.Release|Any CPU.Build.0 = Release|Any CPU
		{8B83765C-5FD8-43E8-9617-9C4A53CB9EC7}.Release|x64.ActiveCfg = Release|Any CPU
		{8B83765C-5FD8-43E8-9617-9C4A53CB9EC7}.Release|x64.Build.0 = Release|Any CPU
		{8B83765C-5FD8-43E8-9617-9C4A53CB9EC7}.Release|x86.ActiveCfg = Release|Any CPU
		{8B83765C-5FD8-43E8-9617-9C4A53CB9EC7}.Release|x86.Build.0 = Release|Any CPU
		{4381A3D9-5F42-4EEE-8280-5517EAE4E13A}.Debug|Any CPU.ActiveCfg = Debug|Any CPU
		{4381A3D9-5F42-4EEE-8280-5517EAE4E13A}.Debug|Any CPU.Build.0 = Debug|Any CPU
		{4381A3D9-5F42-4EEE-8280-5517EAE4E13A}.Debug|x64.ActiveCfg = Debug|Any CPU
		{4381A3D9-5F42-4EEE-8280-5517EAE4E13A}.Debug|x64.Build.0 = Debug|Any CPU
		{4381A3D9-5F42-4EEE-8280-5517EAE4E13A}.Debug|x86.ActiveCfg = Debug|Any CPU
		{4381A3D9-5F42-4EEE-8280-5517EAE4E13A}.Debug|x86.Build.0 = Debug|Any CPU
		{4381A3D9-5F42-4EEE-8280-5517EAE4E13A}.Release|Any CPU.ActiveCfg = Release|Any CPU
		{4381A3D9-5F42-4EEE-8280-5517EAE4E13A}.Release|Any CPU.Build.0 = Release|Any CPU
		{4381A3D9-5F42-4EEE-8280-5517EAE4E13A}.Release|x64.ActiveCfg = Release|Any CPU
		{4381A3D9-5F42-4EEE-8280-5517EAE4E13A}.Release|x64.Build.0 = Release|Any CPU
		{4381A3D9-5F42-4EEE-8280-5517EAE4E13A}.Release|x86.ActiveCfg = Release|Any CPU
		{4381A3D9-5F42-4EEE-8280-5517EAE4E13A}.Release|x86.Build.0 = Release|Any CPU
		{E132426D-B01E-4E48-9577-BF7D5D97490C}.Debug|Any CPU.ActiveCfg = Debug|Any CPU
		{E132426D-B01E-4E48-9577-BF7D5D97490C}.Debug|Any CPU.Build.0 = Debug|Any CPU
		{E132426D-B01E-4E48-9577-BF7D5D97490C}.Debug|x64.ActiveCfg = Debug|Any CPU
		{E132426D-B01E-4E48-9577-BF7D5D97490C}.Debug|x64.Build.0 = Debug|Any CPU
		{E132426D-B01E-4E48-9577-BF7D5D97490C}.Debug|x86.ActiveCfg = Debug|Any CPU
		{E132426D-B01E-4E48-9577-BF7D5D97490C}.Debug|x86.Build.0 = Debug|Any CPU
		{E132426D-B01E-4E48-9577-BF7D5D97490C}.Release|Any CPU.ActiveCfg = Release|Any CPU
		{E132426D-B01E-4E48-9577-BF7D5D97490C}.Release|Any CPU.Build.0 = Release|Any CPU
		{E132426D-B01E-4E48-9577-BF7D5D97490C}.Release|x64.ActiveCfg = Release|Any CPU
		{E132426D-B01E-4E48-9577-BF7D5D97490C}.Release|x64.Build.0 = Release|Any CPU
		{E132426D-B01E-4E48-9577-BF7D5D97490C}.Release|x86.ActiveCfg = Release|Any CPU
		{E132426D-B01E-4E48-9577-BF7D5D97490C}.Release|x86.Build.0 = Release|Any CPU
		{9126AB65-56EA-48F3-9A86-D2AE9C026D95}.Debug|Any CPU.ActiveCfg = Debug|Any CPU
		{9126AB65-56EA-48F3-9A86-D2AE9C026D95}.Debug|Any CPU.Build.0 = Debug|Any CPU
		{9126AB65-56EA-48F3-9A86-D2AE9C026D95}.Debug|x64.ActiveCfg = Debug|Any CPU
		{9126AB65-56EA-48F3-9A86-D2AE9C026D95}.Debug|x64.Build.0 = Debug|Any CPU
		{9126AB65-56EA-48F3-9A86-D2AE9C026D95}.Debug|x86.ActiveCfg = Debug|Any CPU
		{9126AB65-56EA-48F3-9A86-D2AE9C026D95}.Debug|x86.Build.0 = Debug|Any CPU
		{9126AB65-56EA-48F3-9A86-D2AE9C026D95}.Release|Any CPU.ActiveCfg = Release|Any CPU
		{9126AB65-56EA-48F3-9A86-D2AE9C026D95}.Release|Any CPU.Build.0 = Release|Any CPU
		{9126AB65-56EA-48F3-9A86-D2AE9C026D95}.Release|x64.ActiveCfg = Release|Any CPU
		{9126AB65-56EA-48F3-9A86-D2AE9C026D95}.Release|x64.Build.0 = Release|Any CPU
		{9126AB65-56EA-48F3-9A86-D2AE9C026D95}.Release|x86.ActiveCfg = Release|Any CPU
		{9126AB65-56EA-48F3-9A86-D2AE9C026D95}.Release|x86.Build.0 = Release|Any CPU
		{5CFA025E-C9FC-43CD-933D-183D7845367F}.Debug|Any CPU.ActiveCfg = Debug|Any CPU
		{5CFA025E-C9FC-43CD-933D-183D7845367F}.Debug|Any CPU.Build.0 = Debug|Any CPU
		{5CFA025E-C9FC-43CD-933D-183D7845367F}.Debug|x64.ActiveCfg = Debug|Any CPU
		{5CFA025E-C9FC-43CD-933D-183D7845367F}.Debug|x64.Build.0 = Debug|Any CPU
		{5CFA025E-C9FC-43CD-933D-183D7845367F}.Debug|x86.ActiveCfg = Debug|Any CPU
		{5CFA025E-C9FC-43CD-933D-183D7845367F}.Debug|x86.Build.0 = Debug|Any CPU
		{5CFA025E-C9FC-43CD-933D-183D7845367F}.Release|Any CPU.ActiveCfg = Release|Any CPU
		{5CFA025E-C9FC-43CD-933D-183D7845367F}.Release|Any CPU.Build.0 = Release|Any CPU
		{5CFA025E-C9FC-43CD-933D-183D7845367F}.Release|x64.ActiveCfg = Release|Any CPU
		{5CFA025E-C9FC-43CD-933D-183D7845367F}.Release|x64.Build.0 = Release|Any CPU
		{5CFA025E-C9FC-43CD-933D-183D7845367F}.Release|x86.ActiveCfg = Release|Any CPU
		{5CFA025E-C9FC-43CD-933D-183D7845367F}.Release|x86.Build.0 = Release|Any CPU
		{37D590FF-0222-4F7E-BE1D-11580657BB4F}.Debug|Any CPU.ActiveCfg = Debug|Any CPU
		{37D590FF-0222-4F7E-BE1D-11580657BB4F}.Debug|Any CPU.Build.0 = Debug|Any CPU
		{37D590FF-0222-4F7E-BE1D-11580657BB4F}.Debug|x64.ActiveCfg = Debug|Any CPU
		{37D590FF-0222-4F7E-BE1D-11580657BB4F}.Debug|x64.Build.0 = Debug|Any CPU
		{37D590FF-0222-4F7E-BE1D-11580657BB4F}.Debug|x86.ActiveCfg = Debug|Any CPU
		{37D590FF-0222-4F7E-BE1D-11580657BB4F}.Debug|x86.Build.0 = Debug|Any CPU
		{37D590FF-0222-4F7E-BE1D-11580657BB4F}.Release|Any CPU.ActiveCfg = Release|Any CPU
		{37D590FF-0222-4F7E-BE1D-11580657BB4F}.Release|Any CPU.Build.0 = Release|Any CPU
		{37D590FF-0222-4F7E-BE1D-11580657BB4F}.Release|x64.ActiveCfg = Release|Any CPU
		{37D590FF-0222-4F7E-BE1D-11580657BB4F}.Release|x64.Build.0 = Release|Any CPU
		{37D590FF-0222-4F7E-BE1D-11580657BB4F}.Release|x86.ActiveCfg = Release|Any CPU
		{37D590FF-0222-4F7E-BE1D-11580657BB4F}.Release|x86.Build.0 = Release|Any CPU
		{AC9B5606-B8C2-48F2-A5B5-F7A69FBF2FB5}.Debug|Any CPU.ActiveCfg = Debug|Any CPU
		{AC9B5606-B8C2-48F2-A5B5-F7A69FBF2FB5}.Debug|Any CPU.Build.0 = Debug|Any CPU
		{AC9B5606-B8C2-48F2-A5B5-F7A69FBF2FB5}.Debug|x64.ActiveCfg = Debug|Any CPU
		{AC9B5606-B8C2-48F2-A5B5-F7A69FBF2FB5}.Debug|x64.Build.0 = Debug|Any CPU
		{AC9B5606-B8C2-48F2-A5B5-F7A69FBF2FB5}.Debug|x86.ActiveCfg = Debug|Any CPU
		{AC9B5606-B8C2-48F2-A5B5-F7A69FBF2FB5}.Debug|x86.Build.0 = Debug|Any CPU
		{AC9B5606-B8C2-48F2-A5B5-F7A69FBF2FB5}.Release|Any CPU.ActiveCfg = Release|Any CPU
		{AC9B5606-B8C2-48F2-A5B5-F7A69FBF2FB5}.Release|Any CPU.Build.0 = Release|Any CPU
		{AC9B5606-B8C2-48F2-A5B5-F7A69FBF2FB5}.Release|x64.ActiveCfg = Release|Any CPU
		{AC9B5606-B8C2-48F2-A5B5-F7A69FBF2FB5}.Release|x64.Build.0 = Release|Any CPU
		{AC9B5606-B8C2-48F2-A5B5-F7A69FBF2FB5}.Release|x86.ActiveCfg = Release|Any CPU
		{AC9B5606-B8C2-48F2-A5B5-F7A69FBF2FB5}.Release|x86.Build.0 = Release|Any CPU
		{E54B2111-1187-4A57-8C34-7F34C52F6FE0}.Debug|Any CPU.ActiveCfg = Debug|Any CPU
		{E54B2111-1187-4A57-8C34-7F34C52F6FE0}.Debug|Any CPU.Build.0 = Debug|Any CPU
		{E54B2111-1187-4A57-8C34-7F34C52F6FE0}.Debug|x64.ActiveCfg = Debug|Any CPU
		{E54B2111-1187-4A57-8C34-7F34C52F6FE0}.Debug|x64.Build.0 = Debug|Any CPU
		{E54B2111-1187-4A57-8C34-7F34C52F6FE0}.Debug|x86.ActiveCfg = Debug|Any CPU
		{E54B2111-1187-4A57-8C34-7F34C52F6FE0}.Debug|x86.Build.0 = Debug|Any CPU
		{E54B2111-1187-4A57-8C34-7F34C52F6FE0}.Release|Any CPU.ActiveCfg = Release|Any CPU
		{E54B2111-1187-4A57-8C34-7F34C52F6FE0}.Release|Any CPU.Build.0 = Release|Any CPU
		{E54B2111-1187-4A57-8C34-7F34C52F6FE0}.Release|x64.ActiveCfg = Release|Any CPU
		{E54B2111-1187-4A57-8C34-7F34C52F6FE0}.Release|x64.Build.0 = Release|Any CPU
		{E54B2111-1187-4A57-8C34-7F34C52F6FE0}.Release|x86.ActiveCfg = Release|Any CPU
		{E54B2111-1187-4A57-8C34-7F34C52F6FE0}.Release|x86.Build.0 = Release|Any CPU
		{17A6B712-919F-4E1D-8367-DC5BC18D4BF8}.Debug|Any CPU.ActiveCfg = Debug|Any CPU
		{17A6B712-919F-4E1D-8367-DC5BC18D4BF8}.Debug|Any CPU.Build.0 = Debug|Any CPU
		{17A6B712-919F-4E1D-8367-DC5BC18D4BF8}.Debug|x64.ActiveCfg = Debug|Any CPU
		{17A6B712-919F-4E1D-8367-DC5BC18D4BF8}.Debug|x64.Build.0 = Debug|Any CPU
		{17A6B712-919F-4E1D-8367-DC5BC18D4BF8}.Debug|x86.ActiveCfg = Debug|Any CPU
		{17A6B712-919F-4E1D-8367-DC5BC18D4BF8}.Debug|x86.Build.0 = Debug|Any CPU
		{17A6B712-919F-4E1D-8367-DC5BC18D4BF8}.Release|Any CPU.ActiveCfg = Release|Any CPU
		{17A6B712-919F-4E1D-8367-DC5BC18D4BF8}.Release|Any CPU.Build.0 = Release|Any CPU
		{17A6B712-919F-4E1D-8367-DC5BC18D4BF8}.Release|x64.ActiveCfg = Release|Any CPU
		{17A6B712-919F-4E1D-8367-DC5BC18D4BF8}.Release|x64.Build.0 = Release|Any CPU
		{17A6B712-919F-4E1D-8367-DC5BC18D4BF8}.Release|x86.ActiveCfg = Release|Any CPU
		{17A6B712-919F-4E1D-8367-DC5BC18D4BF8}.Release|x86.Build.0 = Release|Any CPU
		{7299EF7A-A523-46FF-B5AB-C0A9A9E1FC50}.Debug|Any CPU.ActiveCfg = Debug|Any CPU
		{7299EF7A-A523-46FF-B5AB-C0A9A9E1FC50}.Debug|Any CPU.Build.0 = Debug|Any CPU
		{7299EF7A-A523-46FF-B5AB-C0A9A9E1FC50}.Debug|x64.ActiveCfg = Debug|Any CPU
		{7299EF7A-A523-46FF-B5AB-C0A9A9E1FC50}.Debug|x64.Build.0 = Debug|Any CPU
		{7299EF7A-A523-46FF-B5AB-C0A9A9E1FC50}.Debug|x86.ActiveCfg = Debug|Any CPU
		{7299EF7A-A523-46FF-B5AB-C0A9A9E1FC50}.Debug|x86.Build.0 = Debug|Any CPU
		{7299EF7A-A523-46FF-B5AB-C0A9A9E1FC50}.Release|Any CPU.ActiveCfg = Release|Any CPU
		{7299EF7A-A523-46FF-B5AB-C0A9A9E1FC50}.Release|Any CPU.Build.0 = Release|Any CPU
		{7299EF7A-A523-46FF-B5AB-C0A9A9E1FC50}.Release|x64.ActiveCfg = Release|Any CPU
		{7299EF7A-A523-46FF-B5AB-C0A9A9E1FC50}.Release|x64.Build.0 = Release|Any CPU
		{7299EF7A-A523-46FF-B5AB-C0A9A9E1FC50}.Release|x86.ActiveCfg = Release|Any CPU
		{7299EF7A-A523-46FF-B5AB-C0A9A9E1FC50}.Release|x86.Build.0 = Release|Any CPU
		{E91C7391-D159-4FFB-9A10-95A63946449F}.Debug|Any CPU.ActiveCfg = Debug|Any CPU
		{E91C7391-D159-4FFB-9A10-95A63946449F}.Debug|Any CPU.Build.0 = Debug|Any CPU
		{E91C7391-D159-4FFB-9A10-95A63946449F}.Debug|x64.ActiveCfg = Debug|Any CPU
		{E91C7391-D159-4FFB-9A10-95A63946449F}.Debug|x64.Build.0 = Debug|Any CPU
		{E91C7391-D159-4FFB-9A10-95A63946449F}.Debug|x86.ActiveCfg = Debug|Any CPU
		{E91C7391-D159-4FFB-9A10-95A63946449F}.Debug|x86.Build.0 = Debug|Any CPU
		{E91C7391-D159-4FFB-9A10-95A63946449F}.Release|Any CPU.ActiveCfg = Release|Any CPU
		{E91C7391-D159-4FFB-9A10-95A63946449F}.Release|Any CPU.Build.0 = Release|Any CPU
		{E91C7391-D159-4FFB-9A10-95A63946449F}.Release|x64.ActiveCfg = Release|Any CPU
		{E91C7391-D159-4FFB-9A10-95A63946449F}.Release|x64.Build.0 = Release|Any CPU
		{E91C7391-D159-4FFB-9A10-95A63946449F}.Release|x86.ActiveCfg = Release|Any CPU
		{E91C7391-D159-4FFB-9A10-95A63946449F}.Release|x86.Build.0 = Release|Any CPU
		{DD37AEB7-3715-4650-ADF7-8EA99289277F}.Debug|Any CPU.ActiveCfg = Debug|Any CPU
		{DD37AEB7-3715-4650-ADF7-8EA99289277F}.Debug|Any CPU.Build.0 = Debug|Any CPU
		{DD37AEB7-3715-4650-ADF7-8EA99289277F}.Debug|x64.ActiveCfg = Debug|Any CPU
		{DD37AEB7-3715-4650-ADF7-8EA99289277F}.Debug|x64.Build.0 = Debug|Any CPU
		{DD37AEB7-3715-4650-ADF7-8EA99289277F}.Debug|x86.ActiveCfg = Debug|Any CPU
		{DD37AEB7-3715-4650-ADF7-8EA99289277F}.Debug|x86.Build.0 = Debug|Any CPU
		{DD37AEB7-3715-4650-ADF7-8EA99289277F}.Release|Any CPU.ActiveCfg = Release|Any CPU
		{DD37AEB7-3715-4650-ADF7-8EA99289277F}.Release|Any CPU.Build.0 = Release|Any CPU
		{DD37AEB7-3715-4650-ADF7-8EA99289277F}.Release|x64.ActiveCfg = Release|Any CPU
		{DD37AEB7-3715-4650-ADF7-8EA99289277F}.Release|x64.Build.0 = Release|Any CPU
		{DD37AEB7-3715-4650-ADF7-8EA99289277F}.Release|x86.ActiveCfg = Release|Any CPU
		{DD37AEB7-3715-4650-ADF7-8EA99289277F}.Release|x86.Build.0 = Release|Any CPU
	EndGlobalSection
EndGlobal
